
Microsoft Visual Studio Solution File, Format Version 12.00
# Visual Studio Version 17
VisualStudioVersion = 17.4.33122.133
MinimumVisualStudioVersion = 10.0.40219.1
Project("{FAE04EC0-301F-11D3-BF4B-00C04F79EFBC}") = "Course", "Course\Course.csproj", "{A8F5D09B-44F1-4905-913F-DED9FC580997}"
EndProject
Global
	GlobalSection(SolutionConfigurationPlatforms) = preSolution
		Debug|Any CPU = Debug|Any CPU
		Release|Any CPU = Release|Any CPU
	EndGlobalSection
	GlobalSection(ProjectConfigurationPlatforms) = postSolution
		{A8F5D09B-44F1-4905-913F-DED9FC580997}.Debug|Any CPU.ActiveCfg = Debug|Any CPU
		{A8F5D09B-44F1-4905-913F-DED9FC580997}.Debug|Any CPU.Build.0 = Debug|Any CPU
		{A8F5D09B-44F1-4905-913F-DED9FC580997}.Release|Any CPU.ActiveCfg = Release|Any CPU
		{A8F5D09B-44F1-4905-913F-DED9FC580997}.Release|Any CPU.Build.0 = Release|Any CPU
	EndGlobalSection
	GlobalSection(SolutionProperties) = preSolution
		HideSolutionNode = FALSE
	EndGlobalSection
	GlobalSection(ExtensibilityGlobals) = postSolution
		SolutionGuid = {2801236C-7A8D-4954-9762-5ACF73E5BDC5}
	EndGlobalSection
EndGlobal
